
Microsoft Visual Studio Solution File, Format Version 12.00
# Visual Studio Version 16
VisualStudioVersion = 16.0.30804.86
MinimumVisualStudioVersion = 10.0.40219.1
Project("{9A19103F-16F7-4668-BE54-9A1E7A4F7556}") = "LambdasRule", "LambdasRule\LambdasRule.csproj", "{97586E41-0F2D-446F-93C4-9E5A32F9213D}"
EndProject
Project("{FAE04EC0-301F-11D3-BF4B-00C04F79EFBC}") = "FuncActionDelegates", "FuncActionDelegates\FuncActionDelegates.csproj", "{34E5E1D4-AF4A-4269-906E-B48ED4F35C80}"
EndProject
Global
	GlobalSection(SolutionConfigurationPlatforms) = preSolution
		Debug|Any CPU = Debug|Any CPU
		Release|Any CPU = Release|Any CPU
	EndGlobalSection
	GlobalSection(ProjectConfigurationPlatforms) = postSolution
		{97586E41-0F2D-446F-93C4-9E5A32F9213D}.Debug|Any CPU.ActiveCfg = Debug|Any CPU
		{97586E41-0F2D-446F-93C4-9E5A32F9213D}.Debug|Any CPU.Build.0 = Debug|Any CPU
		{97586E41-0F2D-446F-93C4-9E5A32F9213D}.Release|Any CPU.ActiveCfg = Release|Any CPU
		{97586E41-0F2D-446F-93C4-9E5A32F9213D}.Release|Any CPU.Build.0 = Release|Any CPU
		{34E5E1D4-AF4A-4269-906E-B48ED4F35C80}.Debug|Any CPU.ActiveCfg = Debug|Any CPU
		{34E5E1D4-AF4A-4269-906E-B48ED4F35C80}.Debug|Any CPU.Build.0 = Debug|Any CPU
		{34E5E1D4-AF4A-4269-906E-B48ED4F35C80}.Release|Any CPU.ActiveCfg = Release|Any CPU
		{34E5E1D4-AF4A-4269-906E-B48ED4F35C80}.Release|Any CPU.Build.0 = Release|Any CPU
	EndGlobalSection
	GlobalSection(SolutionProperties) = preSolution
		HideSolutionNode = FALSE
	EndGlobalSection
	GlobalSection(ExtensibilityGlobals) = postSolution
		SolutionGuid = {824D88FB-DAF3-4AC5-BF94-3DAAF77295AD}
	EndGlobalSection
EndGlobal
