
Microsoft Visual Studio Solution File, Format Version 12.00
# Visual Studio Version 16
VisualStudioVersion = 16.0.31019.35
MinimumVisualStudioVersion = 10.0.40219.1
Project("{FAE04EC0-301F-11D3-BF4B-00C04F79EFBC}") = "RelativePanel", "RelativePanel\RelativePanel.csproj", "{1380DB25-E9D1-47A7-B914-5EFF7D4333CB}"
EndProject
Global
	GlobalSection(SolutionConfigurationPlatforms) = preSolution
		Debug|ARM = Debug|ARM
		Debug|ARM64 = Debug|ARM64
		Debug|x64 = Debug|x64
		Debug|x86 = Debug|x86
		Release|ARM = Release|ARM
		Release|ARM64 = Release|ARM64
		Release|x64 = Release|x64
		Release|x86 = Release|x86
	EndGlobalSection
	GlobalSection(ProjectConfigurationPlatforms) = postSolution
		{1380DB25-E9D1-47A7-B914-5EFF7D4333CB}.Debug|ARM.ActiveCfg = Debug|ARM
		{1380DB25-E9D1-47A7-B914-5EFF7D4333CB}.Debug|ARM.Build.0 = Debug|ARM
		{1380DB25-E9D1-47A7-B914-5EFF7D4333CB}.Debug|ARM.Deploy.0 = Debug|ARM
		{1380DB25-E9D1-47A7-B914-5EFF7D4333CB}.Debug|ARM64.ActiveCfg = Debug|ARM64
		{1380DB25-E9D1-47A7-B914-5EFF7D4333CB}.Debug|ARM64.Build.0 = Debug|ARM64
		{1380DB25-E9D1-47A7-B914-5EFF7D4333CB}.Debug|ARM64.Deploy.0 = Debug|ARM64
		{1380DB25-E9D1-47A7-B914-5EFF7D4333CB}.Debug|x64.ActiveCfg = Debug|x64
		{1380DB25-E9D1-47A7-B914-5EFF7D4333CB}.Debug|x64.Build.0 = Debug|x64
		{1380DB25-E9D1-47A7-B914-5EFF7D4333CB}.Debug|x64.Deploy.0 = Debug|x64
		{1380DB25-E9D1-47A7-B914-5EFF7D4333CB}.Debug|x86.ActiveCfg = Debug|x86
		{1380DB25-E9D1-47A7-B914-5EFF7D4333CB}.Debug|x86.Build.0 = Debug|x86
		{1380DB25-E9D1-47A7-B914-5EFF7D4333CB}.Debug|x86.Deploy.0 = Debug|x86
		{1380DB25-E9D1-47A7-B914-5EFF7D4333CB}.Release|ARM.ActiveCfg = Release|ARM
		{1380DB25-E9D1-47A7-B914-5EFF7D4333CB}.Release|ARM.Build.0 = Release|ARM
		{1380DB25-E9D1-47A7-B914-5EFF7D4333CB}.Release|ARM.Deploy.0 = Release|ARM
		{1380DB25-E9D1-47A7-B914-5EFF7D4333CB}.Release|ARM64.ActiveCfg = Release|ARM64
		{1380DB25-E9D1-47A7-B914-5EFF7D4333CB}.Release|ARM64.Build.0 = Release|ARM64
		{1380DB25-E9D1-47A7-B914-5EFF7D4333CB}.Release|ARM64.Deploy.0 = Release|ARM64
		{1380DB25-E9D1-47A7-B914-5EFF7D4333CB}.Release|x64.ActiveCfg = Release|x64
		{1380DB25-E9D1-47A7-B914-5EFF7D4333CB}.Release|x64.Build.0 = Release|x64
		{1380DB25-E9D1-47A7-B914-5EFF7D4333CB}.Release|x64.Deploy.0 = Release|x64
		{1380DB25-E9D1-47A7-B914-5EFF7D4333CB}.Release|x86.ActiveCfg = Release|x86
		{1380DB25-E9D1-47A7-B914-5EFF7D4333CB}.Release|x86.Build.0 = Release|x86
		{1380DB25-E9D1-47A7-B914-5EFF7D4333CB}.Release|x86.Deploy.0 = Release|x86
	EndGlobalSection
	GlobalSection(SolutionProperties) = preSolution
		HideSolutionNode = FALSE
	EndGlobalSection
	GlobalSection(ExtensibilityGlobals) = postSolution
		SolutionGuid = {152C9D12-92DE-4BF8-84E9-456863118125}
	EndGlobalSection
EndGlobal
